
Microsoft Visual Studio Solution File, Format Version 12.00
# Visual Studio Version 16
VisualStudioVersion = 16.0.30204.135
MinimumVisualStudioVersion = 10.0.40219.1
Project("{FAE04EC0-301F-11D3-BF4B-00C04F79EFBC}") = "QuanLyBanhang", "QuanLyBanhang.csproj", "{C84F0E3A-C58B-433D-B65C-28B8D7EB9C6E}"
EndProject
Project("{FAE04EC0-301F-11D3-BF4B-00C04F79EFBC}") = "BUS", "..\BUS\BUS.csproj", "{B15C3475-4562-49BA-8455-C4486F5791F5}"
EndProject
Project("{FAE04EC0-301F-11D3-BF4B-00C04F79EFBC}") = "DAL", "..\DAL\DAL.csproj", "{B1BCD1EB-FEBA-4D0D-847C-B84BA971C096}"
EndProject
Project("{FAE04EC0-301F-11D3-BF4B-00C04F79EFBC}") = "Public", "..\DTO\Public.csproj", "{1D23967F-917B-493B-96D7-409AD4FEBD0A}"
EndProject
Global
	GlobalSection(SolutionConfigurationPlatforms) = preSolution
		Debug|Any CPU = Debug|Any CPU
		Release|Any CPU = Release|Any CPU
	EndGlobalSection
	GlobalSection(ProjectConfigurationPlatforms) = postSolution
		{C84F0E3A-C58B-433D-B65C-28B8D7EB9C6E}.Debug|Any CPU.ActiveCfg = Debug|Any CPU
		{C84F0E3A-C58B-433D-B65C-28B8D7EB9C6E}.Debug|Any CPU.Build.0 = Debug|Any CPU
		{C84F0E3A-C58B-433D-B65C-28B8D7EB9C6E}.Release|Any CPU.ActiveCfg = Release|Any CPU
		{C84F0E3A-C58B-433D-B65C-28B8D7EB9C6E}.Release|Any CPU.Build.0 = Release|Any CPU
		{B15C3475-4562-49BA-8455-C4486F5791F5}.Debug|Any CPU.ActiveCfg = Debug|Any CPU
		{B15C3475-4562-49BA-8455-C4486F5791F5}.Debug|Any CPU.Build.0 = Debug|Any CPU
		{B15C3475-4562-49BA-8455-C4486F5791F5}.Release|Any CPU.ActiveCfg = Release|Any CPU
		{B15C3475-4562-49BA-8455-C4486F5791F5}.Release|Any CPU.Build.0 = Release|Any CPU
		{B1BCD1EB-FEBA-4D0D-847C-B84BA971C096}.Debug|Any CPU.ActiveCfg = Debug|Any CPU
		{B1BCD1EB-FEBA-4D0D-847C-B84BA971C096}.Debug|Any CPU.Build.0 = Debug|Any CPU
		{B1BCD1EB-FEBA-4D0D-847C-B84BA971C096}.Release|Any CPU.ActiveCfg = Release|Any CPU
		{B1BCD1EB-FEBA-4D0D-847C-B84BA971C096}.Release|Any CPU.Build.0 = Release|Any CPU
		{1D23967F-917B-493B-96D7-409AD4FEBD0A}.Debug|Any CPU.ActiveCfg = Debug|Any CPU
		{1D23967F-917B-493B-96D7-409AD4FEBD0A}.Debug|Any CPU.Build.0 = Debug|Any CPU
		{1D23967F-917B-493B-96D7-409AD4FEBD0A}.Release|Any CPU.ActiveCfg = Release|Any CPU
		{1D23967F-917B-493B-96D7-409AD4FEBD0A}.Release|Any CPU.Build.0 = Release|Any CPU
	EndGlobalSection
	GlobalSection(SolutionProperties) = preSolution
		HideSolutionNode = FALSE
	EndGlobalSection
	GlobalSection(ExtensibilityGlobals) = postSolution
		SolutionGuid = {1D5B1519-0129-4665-B3CE-A1D12146F8A6}
	EndGlobalSection
EndGlobal
